
Microsoft Visual Studio Solution File, Format Version 12.00
# Visual Studio Version 17
VisualStudioVersion = 17.2.32516.85
MinimumVisualStudioVersion = 10.0.40219.1
Project("{FAE04EC0-301F-11D3-BF4B-00C04F79EFBC}") = "DeterminateMashine", "DeterminateMashine\DeterminateMashine.csproj", "{77DDBBEA-750E-4552-B696-EA03F61C984D}"
EndProject
Global
	GlobalSection(SolutionConfigurationPlatforms) = preSolution
		Debug|Any CPU = Debug|Any CPU
		Release|Any CPU = Release|Any CPU
	EndGlobalSection
	GlobalSection(ProjectConfigurationPlatforms) = postSolution
		{77DDBBEA-750E-4552-B696-EA03F61C984D}.Debug|Any CPU.ActiveCfg = Debug|Any CPU
		{77DDBBEA-750E-4552-B696-EA03F61C984D}.Debug|Any CPU.Build.0 = Debug|Any CPU
		{77DDBBEA-750E-4552-B696-EA03F61C984D}.Release|Any CPU.ActiveCfg = Release|Any CPU
		{77DDBBEA-750E-4552-B696-EA03F61C984D}.Release|Any CPU.Build.0 = Release|Any CPU
	EndGlobalSection
	GlobalSection(SolutionProperties) = preSolution
		HideSolutionNode = FALSE
	EndGlobalSection
	GlobalSection(ExtensibilityGlobals) = postSolution
		SolutionGuid = {4C1B6770-549D-479B-B669-C754210D7D59}
	EndGlobalSection
EndGlobal
